
Microsoft Visual Studio Solution File, Format Version 12.00
# Visual Studio Version 17
VisualStudioVersion = 17.6.33801.468
MinimumVisualStudioVersion = 10.0.40219.1
Project("{9A19103F-16F7-4668-BE54-9A1E7A4F7556}") = "NLayer.Core", "NLayer.Core\NLayer.Core.csproj", "{E027ECCE-2753-451C-9607-CA6BCC9A886E}"
EndProject
Project("{9A19103F-16F7-4668-BE54-9A1E7A4F7556}") = "NLayer.Repository", "NLayer.Repository\NLayer.Repository.csproj", "{6569860F-4EF5-43FC-A98F-ACC7712F72B3}"
EndProject
Project("{9A19103F-16F7-4668-BE54-9A1E7A4F7556}") = "NLayer.Service", "NLayer.Service\NLayer.Service.csproj", "{2B78F462-4F88-43D2-AED9-4C7D6E9AB7E5}"
EndProject
Project("{9A19103F-16F7-4668-BE54-9A1E7A4F7556}") = "NLayer.API", "NLayer.API\NLayer.API.csproj", "{25B457A4-397D-4C4B-915E-FCE4EF3ADE8E}"
EndProject
Project("{9A19103F-16F7-4668-BE54-9A1E7A4F7556}") = "NLayer.Web", "NLayer.Web\NLayer.Web.csproj", "{BC4A9C63-FDCB-4620-ABF8-34E869AC1123}"
EndProject
Project("{9A19103F-16F7-4668-BE54-9A1E7A4F7556}") = "NLater.Caching", "NLater.Caching\NLater.Caching.csproj", "{2AB2E9CB-AB1D-4FEA-8DE2-9D375C4F8CA8}"
EndProject
Global
	GlobalSection(SolutionConfigurationPlatforms) = preSolution
		Debug|Any CPU = Debug|Any CPU
		Release|Any CPU = Release|Any CPU
	EndGlobalSection
	GlobalSection(ProjectConfigurationPlatforms) = postSolution
		{E027ECCE-2753-451C-9607-CA6BCC9A886E}.Debug|Any CPU.ActiveCfg = Debug|Any CPU
		{E027ECCE-2753-451C-9607-CA6BCC9A886E}.Debug|Any CPU.Build.0 = Debug|Any CPU
		{E027ECCE-2753-451C-9607-CA6BCC9A886E}.Release|Any CPU.ActiveCfg = Release|Any CPU
		{E027ECCE-2753-451C-9607-CA6BCC9A886E}.Release|Any CPU.Build.0 = Release|Any CPU
		{6569860F-4EF5-43FC-A98F-ACC7712F72B3}.Debug|Any CPU.ActiveCfg = Debug|Any CPU
		{6569860F-4EF5-43FC-A98F-ACC7712F72B3}.Debug|Any CPU.Build.0 = Debug|Any CPU
		{6569860F-4EF5-43FC-A98F-ACC7712F72B3}.Release|Any CPU.ActiveCfg = Release|Any CPU
		{6569860F-4EF5-43FC-A98F-ACC7712F72B3}.Release|Any CPU.Build.0 = Release|Any CPU
		{2B78F462-4F88-43D2-AED9-4C7D6E9AB7E5}.Debug|Any CPU.ActiveCfg = Debug|Any CPU
		{2B78F462-4F88-43D2-AED9-4C7D6E9AB7E5}.Debug|Any CPU.Build.0 = Debug|Any CPU
		{2B78F462-4F88-43D2-AED9-4C7D6E9AB7E5}.Release|Any CPU.ActiveCfg = Release|Any CPU
		{2B78F462-4F88-43D2-AED9-4C7D6E9AB7E5}.Release|Any CPU.Build.0 = Release|Any CPU
		{25B457A4-397D-4C4B-915E-FCE4EF3ADE8E}.Debug|Any CPU.ActiveCfg = Debug|Any CPU
		{25B457A4-397D-4C4B-915E-FCE4EF3ADE8E}.Debug|Any CPU.Build.0 = Debug|Any CPU
		{25B457A4-397D-4C4B-915E-FCE4EF3ADE8E}.Release|Any CPU.ActiveCfg = Release|Any CPU
		{25B457A4-397D-4C4B-915E-FCE4EF3ADE8E}.Release|Any CPU.Build.0 = Release|Any CPU
		{BC4A9C63-FDCB-4620-ABF8-34E869AC1123}.Debug|Any CPU.ActiveCfg = Debug|Any CPU
		{BC4A9C63-FDCB-4620-ABF8-34E869AC1123}.Debug|Any CPU.Build.0 = Debug|Any CPU
		{BC4A9C63-FDCB-4620-ABF8-34E869AC1123}.Release|Any CPU.ActiveCfg = Release|Any CPU
		{BC4A9C63-FDCB-4620-ABF8-34E869AC1123}.Release|Any CPU.Build.0 = Release|Any CPU
		{2AB2E9CB-AB1D-4FEA-8DE2-9D375C4F8CA8}.Debug|Any CPU.ActiveCfg = Debug|Any CPU
		{2AB2E9CB-AB1D-4FEA-8DE2-9D375C4F8CA8}.Debug|Any CPU.Build.0 = Debug|Any CPU
		{2AB2E9CB-AB1D-4FEA-8DE2-9D375C4F8CA8}.Release|Any CPU.ActiveCfg = Release|Any CPU
		{2AB2E9CB-AB1D-4FEA-8DE2-9D375C4F8CA8}.Release|Any CPU.Build.0 = Release|Any CPU
	EndGlobalSection
	GlobalSection(SolutionProperties) = preSolution
		HideSolutionNode = FALSE
	EndGlobalSection
	GlobalSection(ExtensibilityGlobals) = postSolution
		SolutionGuid = {62123FEC-60BE-4AF6-9C81-26EA10F79C55}
	EndGlobalSection
EndGlobal
